
Microsoft Visual Studio Solution File, Format Version 12.00
# Visual Studio 2013
VisualStudioVersion = 12.0.31101.0
MinimumVisualStudioVersion = 10.0.40219.1
Project("{FAE04EC0-301F-11D3-BF4B-00C04F79EFBC}") = "Nuclear.Settings.API", "Settings.API\Nuclear.Settings.API.csproj", "{9CCCAA28-2B9F-484B-B717-DB95FDF0114A}"
EndProject
Project("{FAE04EC0-301F-11D3-BF4B-00C04F79EFBC}") = "Nuclear.Settings", "Settings\Nuclear.Settings.csproj", "{93878135-691A-418B-97B1-3AC9E250EC3A}"
EndProject
Project("{2150E333-8FDC-42A3-9474-1A3956D46DE8}") = ".nuget", ".nuget", "{91910F28-9018-4141-95BF-A17098422EA3}"
	ProjectSection(SolutionItems) = preProject
		.nuget\packages.config = .nuget\packages.config
	EndProjectSection
EndProject
Global
	GlobalSection(SolutionConfigurationPlatforms) = preSolution
		Debug|Any CPU = Debug|Any CPU
		Release|Any CPU = Release|Any CPU
	EndGlobalSection
	GlobalSection(ProjectConfigurationPlatforms) = postSolution
		{9CCCAA28-2B9F-484B-B717-DB95FDF0114A}.Debug|Any CPU.ActiveCfg = Debug|Any CPU
		{9CCCAA28-2B9F-484B-B717-DB95FDF0114A}.Debug|Any CPU.Build.0 = Debug|Any CPU
		{9CCCAA28-2B9F-484B-B717-DB95FDF0114A}.Release|Any CPU.ActiveCfg = Release|Any CPU
		{9CCCAA28-2B9F-484B-B717-DB95FDF0114A}.Release|Any CPU.Build.0 = Release|Any CPU
		{93878135-691A-418B-97B1-3AC9E250EC3A}.Debug|Any CPU.ActiveCfg = Debug|Any CPU
		{93878135-691A-418B-97B1-3AC9E250EC3A}.Debug|Any CPU.Build.0 = Debug|Any CPU
		{93878135-691A-418B-97B1-3AC9E250EC3A}.Release|Any CPU.ActiveCfg = Release|Any CPU
		{93878135-691A-418B-97B1-3AC9E250EC3A}.Release|Any CPU.Build.0 = Release|Any CPU
	EndGlobalSection
	GlobalSection(SolutionProperties) = preSolution
		HideSolutionNode = FALSE
	EndGlobalSection
EndGlobal
